
Microsoft Visual Studio Solution File, Format Version 12.00
# Visual Studio Version 16
VisualStudioVersion = 16.0.809.4
MinimumVisualStudioVersion = 10.0.40219.1
Project("{FAE04EC0-301F-11D3-BF4B-00C04F79EFBC}") = "Lesson5", "Lesson5\Lesson5.csproj", "{9E3ECC44-8BE1-4D54-9E5B-03B8444C45DF}"
EndProject
Global
	GlobalSection(SolutionConfigurationPlatforms) = preSolution
		Debug|Any CPU = Debug|Any CPU
		Release|Any CPU = Release|Any CPU
	EndGlobalSection
	GlobalSection(ProjectConfigurationPlatforms) = postSolution
		{9E3ECC44-8BE1-4D54-9E5B-03B8444C45DF}.Debug|Any CPU.ActiveCfg = Debug|Any CPU
		{9E3ECC44-8BE1-4D54-9E5B-03B8444C45DF}.Debug|Any CPU.Build.0 = Debug|Any CPU
		{9E3ECC44-8BE1-4D54-9E5B-03B8444C45DF}.Release|Any CPU.ActiveCfg = Release|Any CPU
		{9E3ECC44-8BE1-4D54-9E5B-03B8444C45DF}.Release|Any CPU.Build.0 = Release|Any CPU
	EndGlobalSection
	GlobalSection(SolutionProperties) = preSolution
		HideSolutionNode = FALSE
	EndGlobalSection
	GlobalSection(ExtensibilityGlobals) = postSolution
		SolutionGuid = {0339F788-AB65-4F83-9A1E-518D54E28C42}
	EndGlobalSection
EndGlobal
