
Microsoft Visual Studio Solution File, Format Version 12.00
# Visual Studio Version 16
VisualStudioVersion = 16.0.31129.286
MinimumVisualStudioVersion = 10.0.40219.1
Project("{9A19103F-16F7-4668-BE54-9A1E7A4F7556}") = "Lesson8_1", "Lesson8\Lesson8_1.csproj", "{D7D8C39A-8A26-451B-81DB-6C5BF979B157}"
EndProject
Project("{9A19103F-16F7-4668-BE54-9A1E7A4F7556}") = "Lesson8_2", "Lesson8_2\Lesson8_2.csproj", "{30979C7F-293F-4974-BD52-74AE0883A079}"
EndProject
Project("{FAE04EC0-301F-11D3-BF4B-00C04F79EFBC}") = "Lesson8_3", "Lesson8_3\Lesson8_3.csproj", "{EF12582E-5820-4BA7-A33B-47437AC08AD3}"
EndProject
Global
	GlobalSection(SolutionConfigurationPlatforms) = preSolution
		Debug|Any CPU = Debug|Any CPU
		Release|Any CPU = Release|Any CPU
	EndGlobalSection
	GlobalSection(ProjectConfigurationPlatforms) = postSolution
		{D7D8C39A-8A26-451B-81DB-6C5BF979B157}.Debug|Any CPU.ActiveCfg = Debug|Any CPU
		{D7D8C39A-8A26-451B-81DB-6C5BF979B157}.Debug|Any CPU.Build.0 = Debug|Any CPU
		{D7D8C39A-8A26-451B-81DB-6C5BF979B157}.Release|Any CPU.ActiveCfg = Release|Any CPU
		{D7D8C39A-8A26-451B-81DB-6C5BF979B157}.Release|Any CPU.Build.0 = Release|Any CPU
		{30979C7F-293F-4974-BD52-74AE0883A079}.Debug|Any CPU.ActiveCfg = Debug|Any CPU
		{30979C7F-293F-4974-BD52-74AE0883A079}.Debug|Any CPU.Build.0 = Debug|Any CPU
		{30979C7F-293F-4974-BD52-74AE0883A079}.Release|Any CPU.ActiveCfg = Release|Any CPU
		{30979C7F-293F-4974-BD52-74AE0883A079}.Release|Any CPU.Build.0 = Release|Any CPU
		{EF12582E-5820-4BA7-A33B-47437AC08AD3}.Debug|Any CPU.ActiveCfg = Debug|Any CPU
		{EF12582E-5820-4BA7-A33B-47437AC08AD3}.Debug|Any CPU.Build.0 = Debug|Any CPU
		{EF12582E-5820-4BA7-A33B-47437AC08AD3}.Release|Any CPU.ActiveCfg = Release|Any CPU
		{EF12582E-5820-4BA7-A33B-47437AC08AD3}.Release|Any CPU.Build.0 = Release|Any CPU
	EndGlobalSection
	GlobalSection(SolutionProperties) = preSolution
		HideSolutionNode = FALSE
	EndGlobalSection
	GlobalSection(ExtensibilityGlobals) = postSolution
		SolutionGuid = {DC78C643-10B1-4247-A9C4-E4328263577B}
	EndGlobalSection
EndGlobal
